// !$*UTF8*$!
{
	archiveVersion = 1;
	classes = {
	};
	objectVersion = 46;
	objects = {

/* Begin PBXBuildFile section */
		A1BDFE4A1BD585C500804854 /* AppDelegate.swift in Sources */ = {isa = PBXBuildFile; fileRef = A1BDFE491BD585C500804854 /* AppDelegate.swift */; };
		A1BDFE4C1BD585C500804854 /* ViewController.swift in Sources */ = {isa = PBXBuildFile; fileRef = A1BDFE4B1BD585C500804854 /* ViewController.swift */; };
		A1BDFE4F1BD585C500804854 /* Main.storyboard in Resources */ = {isa = PBXBuildFile; fileRef = A1BDFE4D1BD585C500804854 /* Main.storyboard */; };
		A1BDFE511BD585C500804854 /* Assets.xcassets in Resources */ = {isa = PBXBuildFile; fileRef = A1BDFE501BD585C500804854 /* Assets.xcassets */; };
		A1BDFE541BD585C500804854 /* LaunchScreen.storyboard in Resources */ = {isa = PBXBuildFile; fileRef = A1BDFE521BD585C500804854 /* LaunchScreen.storyboard */; };
/* End PBXBuildFile section */

/* Begin PBXFileReference section */
		A1BDFE461BD585C500804854 /* 100 Things to Do at UVA.app */ = {isa = PBXFileReference; explicitFileType = wrapper.application; includeInIndex = 0; path = "100 Things to Do at UVA.app"; sourceTree = BUILT_PRODUCTS_DIR; };
		A1BDFE491BD585C500804854 /* AppDelegate.swift */ = {isa = PBXFileReference; lastKnownFileType = sourcecode.swift; path = AppDelegate.swift; sourceTree = "<group>"; };
		A1BDFE4B1BD585C500804854 /* ViewController.swift */ = {isa = PBXFileReference; lastKnownFileType = sourcecode.swift; path = ViewController.swift; sourceTree = "<group>"; };
		A1BDFE4E1BD585C500804854 /* Base */ = {isa = PBXFileReference; lastKnownFileType = file.storyboard; name = Base; path = Base.lproj/Main.storyboard; sourceTree = "<group>"; };
		A1BDFE501BD585C500804854 /* Assets.xcassets */ = {isa = PBXFileReference; lastKnownFileType = folder.assetcatalog; path = Assets.xcassets; sourceTree = "<group>"; };
		A1BDFE531BD585C500804854 /* Base */ = {isa = PBXFileReference; lastKnownFileType = file.storyboard; name = Base; path = Base.lproj/LaunchScreen.storyboard; sourceTree = "<group>"; };
		A1BDFE551BD585C500804854 /* Info.plist */ = {isa = PBXFileReference; lastKnownFileType = text.plist.xml; path = Info.plist; sourceTree = "<group>"; };
/* End PBXFileReference section */

/* Begin PBXFrameworksBuildPhase section */
		A1BDFE431BD585C400804854 /* Frameworks */ = {
			isa = PBXFrameworksBuildPhase;
			buildActionMask = 2147483647;
			files = (
			);
			runOnlyForDeploymentPostprocessing = 0;
		};
/* End PBXFrameworksBuildPhase section */

/* Begin PBXGroup section */
		A1BDFE3D1BD585C400804854 = {
			isa = PBXGroup;
			children = (
				A1BDFE481BD585C500804854 /* 100 Things to Do at UVA */,
				A1BDFE471BD585C500804854 /* Products */,
			);
			sourceTree = "<group>";
		};
		A1BDFE471BD585C500804854 /* Products */ = {
			isa = PBXGroup;
			children = (
				A1BDFE461BD585C500804854 /* 100 Things to Do at UVA.app */,
			);
			name = Products;
			sourceTree = "<group>";
		};
		A1BDFE481BD585C500804854 /* 100 Things to Do at UVA */ = {
			isa = PBXGroup;
			children = (
				A1BDFE491BD585C500804854 /* AppDelegate.swift */,
				A1BDFE4B1BD585C500804854 /* ViewController.swift */,
				A1BDFE4D1BD585C500804854 /* Main.storyboard */,
				A1BDFE501BD585C500804854 /* Assets.xcassets */,
				A1BDFE521BD585C500804854 /* LaunchScreen.storyboard */,
				A1BDFE551BD585C500804854 /* Info.plist */,
			);
			path = "100 Things to Do at UVA";
			sourceTree = "<group>";
		};
/* End PBXGroup section */

/* Begin PBXNativeTarget section */
		A1BDFE451BD585C400804854 /* 100 Things to Do at UVA */ = {
			isa = PBXNativeTarget;
			buildConfigurationList = A1BDFE581BD585C500804854 /* Build configuration list for PBXNativeTarget "100 Things to Do at UVA" */;
			buildPhases = (
				A1BDFE421BD585C400804854 /* Sources */,
				A1BDFE431BD585C400804854 /* Frameworks */,
				A1BDFE441BD585C400804854 /* Resources */,
			);
			buildRules = (
			);
			dependencies = (
			);
			name = "100 Things to Do at UVA";
			productName = "100 Things to Do at UVA";
			productReference = A1BDFE461BD585C500804854 /* 100 Things to Do at UVA.app */;
			productType = "com.apple.product-type.application";
		};
/* End PBXNativeTarget section */

/* Begin PBXProject section */
		A1BDFE3E1BD585C400804854 /* Project object */ = {
			isa = PBXProject;
			attributes = {
				LastUpgradeCheck = 0700;
				ORGANIZATIONNAME = "Tyler Crawford";
				TargetAttributes = {
					A1BDFE451BD585C400804854 = {
						CreatedOnToolsVersion = 7.0;
						DevelopmentTeam = 34KMTNV5M5;
					};
				};
			};
			buildConfigurationList = A1BDFE411BD585C400804854 /* Build configuration list for PBXProject "100 Things to Do at UVA" */;
			compatibilityVersion = "Xcode 3.2";
			developmentRegion = English;
			hasScannedForEncodings = 0;
			knownRegions = (
				en,
				Base,
			);
			mainGroup = A1BDFE3D1BD585C400804854;
			productRefGroup = A1BDFE471BD585C500804854 /* Products */;
			projectDirPath = "";
			projectRoot = "";
			targets = (
				A1BDFE451BD585C400804854 /* 100 Things to Do at UVA */,
			);
		};
/* End PBXProject section */

/* Begin PBXResourcesBuildPhase section */
		A1BDFE441BD585C400804854 /* Resources */ = {
			isa = PBXResourcesBuildPhase;
			buildActionMask = 2147483647;
			files = (
				A1BDFE541BD585C500804854 /* LaunchScreen.storyboard in Resources */,
				A1BDFE511BD585C500804854 /* Assets.xcassets in Resources */,
				A1BDFE4F1BD585C500804854 /* Main.storyboard in Resources */,
			);
			runOnlyForDeploymentPostprocessing = 0;
		};
/* End PBXResourcesBuildPhase section */

/* Begin PBXSourcesBuildPhase section */
		A1BDFE421BD585C400804854 /* Sources */ = {
			isa = PBXSourcesBuildPhase;
			buildActionMask = 2147483647;
			files = (
				A1BDFE4C1BD585C500804854 /* ViewController.swift in Sources */,
				A1BDFE4A1BD585C500804854 /* AppDelegate.swift in Sources */,
			);
			runOnlyForDeploymentPostprocessing = 0;
		};
/* End PBXSourcesBuildPhase section */

/* Begin PBXVariantGroup section */
		A1BDFE4D1BD585C500804854 /* Main.storyboard */ = {
			isa = PBXVariantGroup;
			children = (
				A1BDFE4E1BD585C500804854 /* Base */,
			);
			name = Main.storyboard;
			sourceTree = "<group>";
		};
		A1BDFE521BD585C500804854 /* LaunchScreen.storyboard */ = {
			isa = PBXVariantGroup;
			children = (
				A1BDFE531BD585C500804854 /* Base */,
			);
			name = LaunchScreen.storyboard;
			sourceTree = "<group>";
		};
/* End PBXVariantGroup section */

/* Begin XCBuildConfiguration section */
		A1BDFE561BD585C500804854 /* Debug */ = {
			isa = XCBuildConfiguration;
			buildSettings = {
				ALWAYS_SEARCH_USER_PATHS = NO;
				CLANG_CXX_LANGUAGE_STANDARD = "gnu++0x";
				CLANG_CXX_LIBRARY = "libc++";
				CLANG_ENABLE_MODULES = YES;
				CLANG_ENABLE_OBJC_ARC = YES;
				CLANG_WARN_BOOL_CONVERSION = YES;
				CLANG_WARN_CONSTANT_CONVERSION = YES;
				CLANG_WARN_DIRECT_OBJC_ISA_USAGE = YES_ERROR;
				CLANG_WARN_EMPTY_BODY = YES;
				CLANG_WARN_ENUM_CONVERSION = YES;
				CLANG_WARN_INT_CONVERSION = YES;
				CLANG_WARN_OBJC_ROOT_CLASS = YES_ERROR;
				CLANG_WARN_UNREACHABLE_CODE = YES;
				CLANG_WARN__DUPLICATE_METHOD_MATCH = YES;
				"CODE_SIGN_IDENTITY[sdk=iphoneos*]" = "iPhone Developer";
				COPY_PHASE_STRIP = NO;
				DEBUG_INFORMATION_FORMAT = dwarf;
				ENABLE_STRICT_OBJC_MSGSEND = YES;
				ENABLE_TESTABILITY = YES;
				GCC_C_LANGUAGE_STANDARD = gnu99;
				GCC_DYNAMIC_NO_PIC = NO;
				GCC_NO_COMMON_BLOCKS = YES;
				GCC_OPTIMIZATION_LEVEL = 0;
				GCC_PREPROCESSOR_DEFINITIONS = (
					"DEBUG=1",
					"$(inherited)",
				);
				GCC_WARN_64_TO_32_BIT_CONVERSION = YES;
				GCC_WARN_ABOUT_RETURN_TYPE = YES_ERROR;
				GCC_WARN_UNDECLARED_SELECTOR = YES;
				GCC_WARN_UNINITIALIZED_AUTOS = YES_AGGRESSIVE;
				GCC_WARN_UNUSED_FUNCTION = YES;
				GCC_WARN_UNUSED_VARIABLE = YES;
				IPHONEOS_DEPLOYMENT_TARGET = 9.0;
				MTL_ENABLE_DEBUG_INFO = YES;
				ONLY_ACTIVE_ARCH = YES;
				SDKROOT = iphoneos;
				SWIFT_OPTIMIZATION_LEVEL = "-Onone";
			};
			name = Debug;
		};
		A1BDFE571BD585C500804854 /* Release */ = {
			isa = XCBuildConfiguration;
			buildSettings = {
				ALWAYS_SEARCH_USER_PATHS = NO;
				CLANG_CXX_LANGUAGE_STANDARD = "gnu++0x";
				CLANG_CXX_LIBRARY = "libc++";
				CLANG_ENABLE_MODULES = YES;
				CLANG_ENABLE_OBJC_ARC = YES;
				CLANG_WARN_BOOL_CONVERSION = YES;
				CLANG_WARN_CONSTANT_CONVERSION = YES;
				CLANG_WARN_DIRECT_OBJC_ISA_USAGE = YES_ERROR;
				CLANG_WARN_EMPTY_BODY = YES;
				CLANG_WARN_ENUM_CONVERSION = YES;
				CLANG_WARN_INT_CONVERSION = YES;
				CLANG_WARN_OBJC_ROOT_CLASS = YES_ERROR;
				CLANG_WARN_UNREACHABLE_CODE = YES;
				CLANG_WARN__DUPLICATE_METHOD_MATCH = YES;
				"CODE_SIGN_IDENTITY[sdk=iphoneos*]" = "iPhone Developer";
				COPY_PHASE_STRIP = NO;
				DEBUG_INFORMATION_FORMAT = "dwarf-with-dsym";
				ENABLE_NS_ASSERTIONS = NO;
				ENABLE_STRICT_OBJC_MSGSEND = YES;
				GCC_C_LANGUAGE_STANDARD = gnu99;
				GCC_NO_COMMON_BLOCKS = YES;
				GCC_WARN_64_TO_32_BIT_CONVERSION = YES;
				GCC_WARN_ABOUT_RETURN_TYPE = YES_ERROR;
				GCC_WARN_UNDECLARED_SELECTOR = YES;
				GCC_WARN_UNINITIALIZED_AUTOS = YES_AGGRESSIVE;
				GCC_WARN_UNUSED_FUNCTION = YES;
				GCC_WARN_UNUSED_VARIABLE = YES;
				IPHONEOS_DEPLOYMENT_TARGET = 9.0;
				MTL_ENABLE_DEBUG_INFO = NO;
				SDKROOT = iphoneos;
				VALIDATE_PRODUCT = YES;
			};
			name = Release;
		};
		A1BDFE591BD585C500804854 /* Debug */ = {
			isa = XCBuildConfiguration;
			buildSettings = {
				ASSETCATALOG_COMPILER_APPICON_NAME = AppIcon;
				CODE_SIGN_IDENTITY = "iPhone Developer";
				"CODE_SIGN_IDENTITY[sdk=iphoneos*]" = "iPhone Developer";
				INFOPLIST_FILE = "100 Things to Do at UVA/Info.plist";
				LD_RUNPATH_SEARCH_PATHS = "$(inherited) @executable_path/Frameworks";
				PRODUCT_BUNDLE_IDENTIFIER = "cs.virginia.edu.-00-Things-to-Do-at-UVA";
				PRODUCT_NAME = "$(TARGET_NAME)";
				PROVISIONING_PROFILE = "";
			};
			name = Debug;
		};
		A1BDFE5A1BD585C500804854 /* Release */ = {
			isa = XCBuildConfiguration;
			buildSettings = {
				ASSETCATALOG_COMPILER_APPICON_NAME = AppIcon;
				CODE_SIGN_IDENTITY = "iPhone Developer";
				"CODE_SIGN_IDENTITY[sdk=iphoneos*]" = "iPhone Developer";
				INFOPLIST_FILE = "100 Things to Do at UVA/Info.plist";
				LD_RUNPATH_SEARCH_PATHS = "$(inherited) @executable_path/Frameworks";
				PRODUCT_BUNDLE_IDENTIFIER = "cs.virginia.edu.-00-Things-to-Do-at-UVA";
				PRODUCT_NAME = "$(TARGET_NAME)";
				PROVISIONING_PROFILE = "";
			};
			name = Release;
		};
/* End XCBuildConfiguration section */

/* Begin XCConfigurationList section */
		A1BDFE411BD585C400804854 /* Build configuration list for PBXProject "100 Things to Do at UVA" */ = {
			isa = XCConfigurationList;
			buildConfigurations = (
				A1BDFE561BD585C500804854 /* Debug */,
				A1BDFE571BD585C500804854 /* Release */,
			);
			defaultConfigurationIsVisible = 0;
			defaultConfigurationName = Release;
		};
		A1BDFE581BD585C500804854 /* Build configuration list for PBXNativeTarget "100 Things to Do at UVA" */ = {
			isa = XCConfigurationList;
			buildConfigurations = (
				A1BDFE591BD585C500804854 /* Debug */,
				A1BDFE5A1BD585C500804854 /* Release */,
			);
			defaultConfigurationIsVisible = 0;
		};
/* End XCConfigurationList section */
	};
	rootObject = A1BDFE3E1BD585C400804854 /* Project object */;
}
